
Microsoft Visual Studio Solution File, Format Version 12.00
# Visual Studio Version 16
VisualStudioVersion = 16.0.31402.337
MinimumVisualStudioVersion = 10.0.40219.1
Project("{FAE04EC0-301F-11D3-BF4B-00C04F79EFBC}") = "GitBranch", "GitBranch.csproj", "{E47C1D7C-FB0D-4736-A303-B51673AC3BC2}"
EndProject
Global
	GlobalSection(SolutionConfigurationPlatforms) = preSolution
		Debug|Any CPU = Debug|Any CPU
		Release|Any CPU = Release|Any CPU
	EndGlobalSection
	GlobalSection(ProjectConfigurationPlatforms) = postSolution
		{E47C1D7C-FB0D-4736-A303-B51673AC3BC2}.Debug|Any CPU.ActiveCfg = Debug|Any CPU
		{E47C1D7C-FB0D-4736-A303-B51673AC3BC2}.Debug|Any CPU.Build.0 = Debug|Any CPU
		{E47C1D7C-FB0D-4736-A303-B51673AC3BC2}.Release|Any CPU.ActiveCfg = Release|Any CPU
		{E47C1D7C-FB0D-4736-A303-B51673AC3BC2}.Release|Any CPU.Build.0 = Release|Any CPU
	EndGlobalSection
	GlobalSection(SolutionProperties) = preSolution
		HideSolutionNode = FALSE
	EndGlobalSection
	GlobalSection(ExtensibilityGlobals) = postSolution
		SolutionGuid = {775DE8FE-20FC-4B06-8DC5-86B1E5B9D1AD}
	EndGlobalSection
EndGlobal
